# THIS IS AN AUTOGENERATED FILE. DO NOT EDIT THIS FILE DIRECTLY.
# yarn lockfile v1


prettier@^2.0.5:
  version "2.0.5"
  resolved "https://registry.yarnpkg.com/prettier/-/prettier-2.0.5.tgz#d6d56282455243f2f92cc1716692c08aa31522d4"
  integrity sha512-7PtVymN48hGcO4fGjybyBSIWDsLU4H4XlvOHfq91pz9kkGlonzwTfYkaIEwiRg/dAJF9YlbsduBAgtYLi+8cFg==

snabbdom@^1.0.1:
  version "1.0.1"
  resolved "https://registry.yarnpkg.com/snabbdom/-/snabbdom-1.0.1.tgz#56de29b7499e6a9ee05e024ce3fc75d71761c08a"
  integrity sha512-0IN32ASHP32FUqIHERW2sS5EPX58NmYPa2bQVGRw9WdSL4t70hhgZ2jqMgtupaqdV3upBMMLfO003IqrDZ99nw==

typescript@^3.9.6:
  version "3.9.6"
  resolved "https://registry.yarnpkg.com/typescript/-/typescript-3.9.6.tgz#8f3e0198a34c3ae17091b35571d3afd31999365a"
  integrity sha512-Pspx3oKAPJtjNwE92YS05HQoY7z2SFyOpHo9MqJor3BXAGNaPUs83CuVp9VISFkSjyRfiTpmKuAYGJB7S7hOxw==
